dependencies:
- name: hq
  repository: file://../hq
  version: 5.0.0-rc1
- name: auth
  repository: file://../auth
  version: 5.0.0-rc1
- name: store
  repository: file://../store
  version: 5.0.0-rc1
- name: common
  repository: file://../common
  version: 5.0.0-rc1
digest: sha256:3b14b5962e76671fb5ebb53469a1fdab36c3c7e48069bc765441d7b79c59114c
generated: "2026-03-24T14:42:01.347802004+01:00"
