dependencies:
- name: hq
  repository: file://../hq
  version: 5.0.3
- name: auth
  repository: file://../auth
  version: 5.0.3
- name: store
  repository: file://../store
  version: 5.0.3
- name: common
  repository: file://../common
  version: 5.0.3
digest: sha256:2433caecbff47fa46845232bac4ed27c5e9b4ed4d67f2a1d57412d2a83a52d28
generated: "2026-09-21T14:26:49.575371+00:00"
